{
  "requires": true,
  "lockfileVersion": 1,
  "dependencies": {
    "midi-player-js": {
      "version": "2.0.14",
      "resolved": "https://registry.npmjs.org/midi-player-js/-/midi-player-js-2.0.14.tgz",
      "integrity": "sha512-bSBXHIV6NQe41h0J9GkfTHkFeZUV/SuybgG1oOQRmcp0akkjJ0B1fxtXP23SbdjZkRL9/0mcjyQkyz94UcOlzQ=="
    }
  }
}
